
Microsoft Visual Studio Solution File, Format Version 12.00
# Visual Studio Version 16
VisualStudioVersion = 16.0.30503.244
MinimumVisualStudioVersion = 10.0.40219.1
Project("{FAE04EC0-301F-11D3-BF4B-00C04F79EFBC}") = "RUAP_LV6_Z2", "RUAP_LV6_Z2\RUAP_LV6_Z2.csproj", "{8A06AAB0-9685-4CA4-92BA-94FE5B4FE440}"
EndProject
Global
	GlobalSection(SolutionConfigurationPlatforms) = preSolution
		Debug|Any CPU = Debug|Any CPU
		Release|Any CPU = Release|Any CPU
	EndGlobalSection
	GlobalSection(ProjectConfigurationPlatforms) = postSolution
		{8A06AAB0-9685-4CA4-92BA-94FE5B4FE440}.Debug|Any CPU.ActiveCfg = Debug|Any CPU
		{8A06AAB0-9685-4CA4-92BA-94FE5B4FE440}.Debug|Any CPU.Build.0 = Debug|Any CPU
		{8A06AAB0-9685-4CA4-92BA-94FE5B4FE440}.Release|Any CPU.ActiveCfg = Release|Any CPU
		{8A06AAB0-9685-4CA4-92BA-94FE5B4FE440}.Release|Any CPU.Build.0 = Release|Any CPU
	EndGlobalSection
	GlobalSection(SolutionProperties) = preSolution
		HideSolutionNode = FALSE
	EndGlobalSection
	GlobalSection(ExtensibilityGlobals) = postSolution
		SolutionGuid = {9D3E8795-093F-471C-8BDC-48A42C2D7DE5}
	EndGlobalSection
EndGlobal
